// !$*UTF8*$!
{
	archiveVersion = 1;
	classes = {
	};
	objectVersion = 46;
	objects = {

/* Begin PBXBuildFile section */
		AF4AC024196F0BA60007D3AF /* AppDelegate.swift in Sources */ = {isa = PBXBuildFile; fileRef = AF4AC023196F0BA60007D3AF /* AppDelegate.swift */; };
		AF4AC026196F0BA60007D3AF /* Images.xcassets in Resources */ = {isa = PBXBuildFile; fileRef = AF4AC025196F0BA60007D3AF /* Images.xcassets */; };
		AF4AC032196F0BA60007D3AF /* HelperFunctionsTests.swift in Sources */ = {isa = PBXBuildFile; fileRef = AF4AC031196F0BA60007D3AF /* HelperFunctionsTests.swift */; };
		AF4AC03C196F0BC50007D3AF /* HelperFunctions.swift in Sources */ = {isa = PBXBuildFile; fileRef = AF4AC03B196F0BC50007D3AF /* HelperFunctions.swift */; };
/* End PBXBuildFile section */

/* Begin PBXContainerItemProxy section */
		AF4AC02C196F0BA60007D3AF /* PBXContainerItemProxy */ = {
			isa = PBXContainerItemProxy;
			containerPortal = AF4AC016196F0BA60007D3AF /* Project object */;
			proxyType = 1;
			remoteGlobalIDString = AF4AC01D196F0BA60007D3AF;
			remoteInfo = HelperFunctions;
		};
/* End PBXContainerItemProxy section */

/* Begin PBXFileReference section */
		AF4AC01E196F0BA60007D3AF /* HelperFunctions.app */ = {isa = PBXFileReference; explicitFileType = wrapper.application; includeInIndex = 0; path = HelperFunctions.app; sourceTree = BUILT_PRODUCTS_DIR; };
		AF4AC022196F0BA60007D3AF /* Info.plist */ = {isa = PBXFileReference; lastKnownFileType = text.plist.xml; path = Info.plist; sourceTree = "<group>"; };
		AF4AC023196F0BA60007D3AF /* AppDelegate.swift */ = {isa = PBXFileReference; lastKnownFileType = sourcecode.swift; path = AppDelegate.swift; sourceTree = "<group>"; };
		AF4AC025196F0BA60007D3AF /* Images.xcassets */ = {isa = PBXFileReference; lastKnownFileType = folder.assetcatalog; path = Images.xcassets; sourceTree = "<group>"; };
		AF4AC02B196F0BA60007D3AF /* HelperFunctionsTests.xctest */ = {isa = PBXFileReference; explicitFileType = wrapper.cfbundle; includeInIndex = 0; path = HelperFunctionsTests.xctest; sourceTree = BUILT_PRODUCTS_DIR; };
		AF4AC030196F0BA60007D3AF /* Info.plist */ = {isa = PBXFileReference; lastKnownFileType = text.plist.xml; path = Info.plist; sourceTree = "<group>"; };
		AF4AC031196F0BA60007D3AF /* HelperFunctionsTests.swift */ = {isa = PBXFileReference; lastKnownFileType = sourcecode.swift; path = HelperFunctionsTests.swift; sourceTree = "<group>"; };
		AF4AC03B196F0BC50007D3AF /* HelperFunctions.swift */ = {isa = PBXFileReference; fileEncoding = 4; lastKnownFileType = sourcecode.swift; name = HelperFunctions.swift; path = HelperFunctions/HelperFunctions.swift; sourceTree = "<group>"; };
/* End PBXFileReference section */

/* Begin PBXFrameworksBuildPhase section */
		AF4AC01B196F0BA60007D3AF /* Frameworks */ = {
			isa = PBXFrameworksBuildPhase;
			buildActionMask = 2147483647;
			files = (
			);
			runOnlyForDeploymentPostprocessing = 0;
		};
		AF4AC028196F0BA60007D3AF /* Frameworks */ = {
			isa = PBXFrameworksBuildPhase;
			buildActionMask = 2147483647;
			files = (
			);
			runOnlyForDeploymentPostprocessing = 0;
		};
/* End PBXFrameworksBuildPhase section */

/* Begin PBXGroup section */
		AF4AC015196F0BA60007D3AF = {
			isa = PBXGroup;
			children = (
				AF4AC03B196F0BC50007D3AF /* HelperFunctions.swift */,
				AF4AC020196F0BA60007D3AF /* HelperFunctions */,
				AF4AC02E196F0BA60007D3AF /* HelperFunctionsTests */,
				AF4AC01F196F0BA60007D3AF /* Products */,
			);
			sourceTree = "<group>";
		};
		AF4AC01F196F0BA60007D3AF /* Products */ = {
			isa = PBXGroup;
			children = (
				AF4AC01E196F0BA60007D3AF /* HelperFunctions.app */,
				AF4AC02B196F0BA60007D3AF /* HelperFunctionsTests.xctest */,
			);
			name = Products;
			sourceTree = "<group>";
		};
		AF4AC020196F0BA60007D3AF /* HelperFunctions */ = {
			isa = PBXGroup;
			children = (
				AF4AC023196F0BA60007D3AF /* AppDelegate.swift */,
				AF4AC025196F0BA60007D3AF /* Images.xcassets */,
				AF4AC021196F0BA60007D3AF /* Supporting Files */,
			);
			path = HelperFunctions;
			sourceTree = "<group>";
		};
		AF4AC021196F0BA60007D3AF /* Supporting Files */ = {
			isa = PBXGroup;
			children = (
				AF4AC022196F0BA60007D3AF /* Info.plist */,
			);
			name = "Supporting Files";
			sourceTree = "<group>";
		};
		AF4AC02E196F0BA60007D3AF /* HelperFunctionsTests */ = {
			isa = PBXGroup;
			children = (
				AF4AC031196F0BA60007D3AF /* HelperFunctionsTests.swift */,
				AF4AC02F196F0BA60007D3AF /* Supporting Files */,
			);
			path = HelperFunctionsTests;
			sourceTree = "<group>";
		};
		AF4AC02F196F0BA60007D3AF /* Supporting Files */ = {
			isa = PBXGroup;
			children = (
				AF4AC030196F0BA60007D3AF /* Info.plist */,
			);
			name = "Supporting Files";
			sourceTree = "<group>";
		};
/* End PBXGroup section */

/* Begin PBXNativeTarget section */
		AF4AC01D196F0BA60007D3AF /* HelperFunctions */ = {
			isa = PBXNativeTarget;
			buildConfigurationList = AF4AC035196F0BA60007D3AF /* Build configuration list for PBXNativeTarget "HelperFunctions" */;
			buildPhases = (
				AF4AC01A196F0BA60007D3AF /* Sources */,
				AF4AC01B196F0BA60007D3AF /* Frameworks */,
				AF4AC01C196F0BA60007D3AF /* Resources */,
			);
			buildRules = (
			);
			dependencies = (
			);
			name = HelperFunctions;
			productName = HelperFunctions;
			productReference = AF4AC01E196F0BA60007D3AF /* HelperFunctions.app */;
			productType = "com.apple.product-type.application";
		};
		AF4AC02A196F0BA60007D3AF /* HelperFunctionsTests */ = {
			isa = PBXNativeTarget;
			buildConfigurationList = AF4AC038196F0BA60007D3AF /* Build configuration list for PBXNativeTarget "HelperFunctionsTests" */;
			buildPhases = (
				AF4AC027196F0BA60007D3AF /* Sources */,
				AF4AC028196F0BA60007D3AF /* Frameworks */,
				AF4AC029196F0BA60007D3AF /* Resources */,
			);
			buildRules = (
			);
			dependencies = (
				AF4AC02D196F0BA60007D3AF /* PBXTargetDependency */,
			);
			name = HelperFunctionsTests;
			productName = HelperFunctionsTests;
			productReference = AF4AC02B196F0BA60007D3AF /* HelperFunctionsTests.xctest */;
			productType = "com.apple.product-type.bundle.unit-test";
		};
/* End PBXNativeTarget section */

/* Begin PBXProject section */
		AF4AC016196F0BA60007D3AF /* Project object */ = {
			isa = PBXProject;
			attributes = {
				LastUpgradeCheck = 0600;
				ORGANIZATIONNAME = RVD;
				TargetAttributes = {
					AF4AC01D196F0BA60007D3AF = {
						CreatedOnToolsVersion = 6.0;
					};
					AF4AC02A196F0BA60007D3AF = {
						CreatedOnToolsVersion = 6.0;
						TestTargetID = AF4AC01D196F0BA60007D3AF;
					};
				};
			};
			buildConfigurationList = AF4AC019196F0BA60007D3AF /* Build configuration list for PBXProject "HelperFunctions" */;
			compatibilityVersion = "Xcode 3.2";
			developmentRegion = English;
			hasScannedForEncodings = 0;
			knownRegions = (
				en,
			);
			mainGroup = AF4AC015196F0BA60007D3AF;
			productRefGroup = AF4AC01F196F0BA60007D3AF /* Products */;
			projectDirPath = "";
			projectRoot = "";
			targets = (
				AF4AC01D196F0BA60007D3AF /* HelperFunctions */,
				AF4AC02A196F0BA60007D3AF /* HelperFunctionsTests */,
			);
		};
/* End PBXProject section */

/* Begin PBXResourcesBuildPhase section */
		AF4AC01C196F0BA60007D3AF /* Resources */ = {
			isa = PBXResourcesBuildPhase;
			buildActionMask = 2147483647;
			files = (
				AF4AC026196F0BA60007D3AF /* Images.xcassets in Resources */,
			);
			runOnlyForDeploymentPostprocessing = 0;
		};
		AF4AC029196F0BA60007D3AF /* Resources */ = {
			isa = PBXResourcesBuildPhase;
			buildActionMask = 2147483647;
			files = (
			);
			runOnlyForDeploymentPostprocessing = 0;
		};
/* End PBXResourcesBuildPhase section */

/* Begin PBXSourcesBuildPhase section */
		AF4AC01A196F0BA60007D3AF /* Sources */ = {
			isa = PBXSourcesBuildPhase;
			buildActionMask = 2147483647;
			files = (
				AF4AC024196F0BA60007D3AF /* AppDelegate.swift in Sources */,
				AF4AC03C196F0BC50007D3AF /* HelperFunctions.swift in Sources */,
			);
			runOnlyForDeploymentPostprocessing = 0;
		};
		AF4AC027196F0BA60007D3AF /* Sources */ = {
			isa = PBXSourcesBuildPhase;
			buildActionMask = 2147483647;
			files = (
				AF4AC032196F0BA60007D3AF /* HelperFunctionsTests.swift in Sources */,
			);
			runOnlyForDeploymentPostprocessing = 0;
		};
/* End PBXSourcesBuildPhase section */

/* Begin PBXTargetDependency section */
		AF4AC02D196F0BA60007D3AF /* PBXTargetDependency */ = {
			isa = PBXTargetDependency;
			target = AF4AC01D196F0BA60007D3AF /* HelperFunctions */;
			targetProxy = AF4AC02C196F0BA60007D3AF /* PBXContainerItemProxy */;
		};
/* End PBXTargetDependency section */

/* Begin XCBuildConfiguration section */
		AF4AC033196F0BA60007D3AF /* Debug */ = {
			isa = XCBuildConfiguration;
			buildSettings = {
				ALWAYS_SEARCH_USER_PATHS = NO;
				CLANG_CXX_LANGUAGE_STANDARD = "gnu++0x";
				CLANG_CXX_LIBRARY = "libc++";
				CLANG_ENABLE_MODULES = YES;
				CLANG_ENABLE_OBJC_ARC = YES;
				CLANG_WARN_BOOL_CONVERSION = YES;
				CLANG_WARN_CONSTANT_CONVERSION = YES;
				CLANG_WARN_DIRECT_OBJC_ISA_USAGE = YES_ERROR;
				CLANG_WARN_EMPTY_BODY = YES;
				CLANG_WARN_ENUM_CONVERSION = YES;
				CLANG_WARN_INT_CONVERSION = YES;
				CLANG_WARN_OBJC_ROOT_CLASS = YES_ERROR;
				CLANG_WARN_UNREACHABLE_CODE = YES;
				CLANG_WARN__DUPLICATE_METHOD_MATCH = YES;
				"CODE_SIGN_IDENTITY[sdk=iphoneos*]" = "iPhone Developer";
				COPY_PHASE_STRIP = NO;
				ENABLE_STRICT_OBJC_MSGSEND = YES;
				GCC_C_LANGUAGE_STANDARD = gnu99;
				GCC_DYNAMIC_NO_PIC = NO;
				GCC_OPTIMIZATION_LEVEL = 0;
				GCC_PREPROCESSOR_DEFINITIONS = (
					"DEBUG=1",
					"$(inherited)",
				);
				GCC_SYMBOLS_PRIVATE_EXTERN = NO;
				GCC_WARN_64_TO_32_BIT_CONVERSION = YES;
				GCC_WARN_ABOUT_RETURN_TYPE = YES_ERROR;
				GCC_WARN_UNDECLARED_SELECTOR = YES;
				GCC_WARN_UNINITIALIZED_AUTOS = YES_AGGRESSIVE;
				GCC_WARN_UNUSED_FUNCTION = YES;
				GCC_WARN_UNUSED_VARIABLE = YES;
				IPHONEOS_DEPLOYMENT_TARGET = 8.0;
				METAL_ENABLE_DEBUG_INFO = YES;
				ONLY_ACTIVE_ARCH = YES;
				SDKROOT = iphoneos;
				SWIFT_OPTIMIZATION_LEVEL = "-Onone";
				TARGETED_DEVICE_FAMILY = "1,2";
			};
			name = Debug;
		};
		AF4AC034196F0BA60007D3AF /* Release */ = {
			isa = XCBuildConfiguration;
			buildSettings = {
				ALWAYS_SEARCH_USER_PATHS = NO;
				CLANG_CXX_LANGUAGE_STANDARD = "gnu++0x";
				CLANG_CXX_LIBRARY = "libc++";
				CLANG_ENABLE_MODULES = YES;
				CLANG_ENABLE_OBJC_ARC = YES;
				CLANG_WARN_BOOL_CONVERSION = YES;
				CLANG_WARN_CONSTANT_CONVERSION = YES;
				CLANG_WARN_DIRECT_OBJC_ISA_USAGE = YES_ERROR;
				CLANG_WARN_EMPTY_BODY = YES;
				CLANG_WARN_ENUM_CONVERSION = YES;
				CLANG_WARN_INT_CONVERSION = YES;
				CLANG_WARN_OBJC_ROOT_CLASS = YES_ERROR;
				CLANG_WARN_UNREACHABLE_CODE = YES;
				CLANG_WARN__DUPLICATE_METHOD_MATCH = YES;
				"CODE_SIGN_IDENTITY[sdk=iphoneos*]" = "iPhone Developer";
				COPY_PHASE_STRIP = YES;
				ENABLE_NS_ASSERTIONS = NO;
				ENABLE_STRICT_OBJC_MSGSEND = YES;
				GCC_C_LANGUAGE_STANDARD = gnu99;
				GCC_WARN_64_TO_32_BIT_CONVERSION = YES;
				GCC_WARN_ABOUT_RETURN_TYPE = YES_ERROR;
				GCC_WARN_UNDECLARED_SELECTOR = YES;
				GCC_WARN_UNINITIALIZED_AUTOS = YES_AGGRESSIVE;
				GCC_WARN_UNUSED_FUNCTION = YES;
				GCC_WARN_UNUSED_VARIABLE = YES;
				IPHONEOS_DEPLOYMENT_TARGET = 8.0;
				METAL_ENABLE_DEBUG_INFO = NO;
				SDKROOT = iphoneos;
				TARGETED_DEVICE_FAMILY = "1,2";
				VALIDATE_PRODUCT = YES;
			};
			name = Release;
		};
		AF4AC036196F0BA60007D3AF /* Debug */ = {
			isa = XCBuildConfiguration;
			buildSettings = {
				ASSETCATALOG_COMPILER_APPICON_NAME = AppIcon;
				ASSETCATALOG_COMPILER_LAUNCHIMAGE_NAME = LaunchImage;
				INFOPLIST_FILE = HelperFunctions/Info.plist;
				LD_RUNPATH_SEARCH_PATHS = "$(inherited) @executable_path/Frameworks";
				PRODUCT_NAME = "$(TARGET_NAME)";
			};
			name = Debug;
		};
		AF4AC037196F0BA60007D3AF /* Release */ = {
			isa = XCBuildConfiguration;
			buildSettings = {
				ASSETCATALOG_COMPILER_APPICON_NAME = AppIcon;
				ASSETCATALOG_COMPILER_LAUNCHIMAGE_NAME = LaunchImage;
				INFOPLIST_FILE = HelperFunctions/Info.plist;
				LD_RUNPATH_SEARCH_PATHS = "$(inherited) @executable_path/Frameworks";
				PRODUCT_NAME = "$(TARGET_NAME)";
			};
			name = Release;
		};
		AF4AC039196F0BA60007D3AF /* Debug */ = {
			isa = XCBuildConfiguration;
			buildSettings = {
				BUNDLE_LOADER = "$(BUILT_PRODUCTS_DIR)/HelperFunctions.app/HelperFunctions";
				FRAMEWORK_SEARCH_PATHS = (
					"$(SDKROOT)/Developer/Library/Frameworks",
					"$(inherited)",
				);
				GCC_PREPROCESSOR_DEFINITIONS = (
					"DEBUG=1",
					"$(inherited)",
				);
				INFOPLIST_FILE = HelperFunctionsTests/Info.plist;
				LD_RUNPATH_SEARCH_PATHS = "$(inherited) @executable_path/Frameworks @loader_path/Frameworks";
				METAL_ENABLE_DEBUG_INFO = YES;
				PRODUCT_NAME = "$(TARGET_NAME)";
				TEST_HOST = "$(BUNDLE_LOADER)";
			};
			name = Debug;
		};
		AF4AC03A196F0BA60007D3AF /* Release */ = {
			isa = XCBuildConfiguration;
			buildSettings = {
				BUNDLE_LOADER = "$(BUILT_PRODUCTS_DIR)/HelperFunctions.app/HelperFunctions";
				FRAMEWORK_SEARCH_PATHS = (
					"$(SDKROOT)/Developer/Library/Frameworks",
					"$(inherited)",
				);
				INFOPLIST_FILE = HelperFunctionsTests/Info.plist;
				LD_RUNPATH_SEARCH_PATHS = "$(inherited) @executable_path/Frameworks @loader_path/Frameworks";
				METAL_ENABLE_DEBUG_INFO = NO;
				PRODUCT_NAME = "$(TARGET_NAME)";
				TEST_HOST = "$(BUNDLE_LOADER)";
			};
			name = Release;
		};
/* End XCBuildConfiguration section */

/* Begin XCConfigurationList section */
		AF4AC019196F0BA60007D3AF /* Build configuration list for PBXProject "HelperFunctions" */ = {
			isa = XCConfigurationList;
			buildConfigurations = (
				AF4AC033196F0BA60007D3AF /* Debug */,
				AF4AC034196F0BA60007D3AF /* Release */,
			);
			defaultConfigurationIsVisible = 0;
			defaultConfigurationName = Release;
		};
		AF4AC035196F0BA60007D3AF /* Build configuration list for PBXNativeTarget "HelperFunctions" */ = {
			isa = XCConfigurationList;
			buildConfigurations = (
				AF4AC036196F0BA60007D3AF /* Debug */,
				AF4AC037196F0BA60007D3AF /* Release */,
			);
			defaultConfigurationIsVisible = 0;
		};
		AF4AC038196F0BA60007D3AF /* Build configuration list for PBXNativeTarget "HelperFunctionsTests" */ = {
			isa = XCConfigurationList;
			buildConfigurations = (
				AF4AC039196F0BA60007D3AF /* Debug */,
				AF4AC03A196F0BA60007D3AF /* Release */,
			);
			defaultConfigurationIsVisible = 0;
		};
/* End XCConfigurationList section */
	};
	rootObject = AF4AC016196F0BA60007D3AF /* Project object */;
}
